// !$*UTF8*$!
{
	archiveVersion = 1;
	classes = {
	};
	objectVersion = 46;
	objects = {

/* Begin PBXBuildFile section */
		D650C34B1F674BD400F29E96 /* main.c in Sources */ = {isa = PBXBuildFile; fileRef = D650C34A1F674BD400F29E96 /* main.c */; };
		D6A3FE5B1F6C54F1007E028A /* vbsme.c in Sources */ = {isa = PBXBuildFile; fileRef = D6A3FE591F6C54F1007E028A /* vbsme.c */; };
/* End PBXBuildFile section */

/* Begin PBXCopyFilesBuildPhase section */
		D650C3451F674BD400F29E96 /* CopyFiles */ = {
			isa = PBXCopyFilesBuildPhase;
			buildActionMask = 2147483647;
			dstPath = /usr/share/man/man1/;
			dstSubfolderSpec = 0;
			files = (
			);
			runOnlyForDeploymentPostprocessing = 1;
		};
/* End PBXCopyFilesBuildPhase section */

/* Begin PBXFileReference section */
		D650C3471F674BD400F29E96 /* BlockSizeMotionEstimation */ = {isa = PBXFileReference; explicitFileType = "compiled.mach-o.executable"; includeInIndex = 0; path = BlockSizeMotionEstimation; sourceTree = BUILT_PRODUCTS_DIR; };
		D650C34A1F674BD400F29E96 /* main.c */ = {isa = PBXFileReference; lastKnownFileType = sourcecode.c.c; path = main.c; sourceTree = "<group>"; };
		D6A3FE591F6C54F1007E028A /* vbsme.c */ = {isa = PBXFileReference; fileEncoding = 4; lastKnownFileType = sourcecode.c.c; path = vbsme.c; sourceTree = "<group>"; };
		D6A3FE5A1F6C54F1007E028A /* vbsme.h */ = {isa = PBXFileReference; fileEncoding = 4; lastKnownFileType = sourcecode.c.h; path = vbsme.h; sourceTree = "<group>"; };
/* End PBXFileReference section */

/* Begin PBXFrameworksBuildPhase section */
		D650C3441F674BD400F29E96 /* Frameworks */ = {
			isa = PBXFrameworksBuildPhase;
			buildActionMask = 2147483647;
			files = (
			);
			runOnlyForDeploymentPostprocessing = 0;
		};
/* End PBXFrameworksBuildPhase section */

/* Begin PBXGroup section */
		D650C33E1F674BD400F29E96 = {
			isa = PBXGroup;
			children = (
				D650C3491F674BD400F29E96 /* BlockSizeMotionEstimation */,
				D650C3481F674BD400F29E96 /* Products */,
			);
			sourceTree = "<group>";
		};
		D650C3481F674BD400F29E96 /* Products */ = {
			isa = PBXGroup;
			children = (
				D650C3471F674BD400F29E96 /* BlockSizeMotionEstimation */,
			);
			name = Products;
			sourceTree = "<group>";
		};
		D650C3491F674BD400F29E96 /* BlockSizeMotionEstimation */ = {
			isa = PBXGroup;
			children = (
				D650C34A1F674BD400F29E96 /* main.c */,
				D6A3FE591F6C54F1007E028A /* vbsme.c */,
				D6A3FE5A1F6C54F1007E028A /* vbsme.h */,
			);
			path = BlockSizeMotionEstimation;
			sourceTree = "<group>";
		};
/* End PBXGroup section */

/* Begin PBXNativeTarget section */
		D650C3461F674BD400F29E96 /* BlockSizeMotionEstimation */ = {
			isa = PBXNativeTarget;
			buildConfigurationList = D650C34E1F674BD400F29E96 /* Build configuration list for PBXNativeTarget "BlockSizeMotionEstimation" */;
			buildPhases = (
				D650C3431F674BD400F29E96 /* Sources */,
				D650C3441F674BD400F29E96 /* Frameworks */,
				D650C3451F674BD400F29E96 /* CopyFiles */,
			);
			buildRules = (
			);
			dependencies = (
			);
			name = BlockSizeMotionEstimation;
			productName = BlockSizeMotionEstimation;
			productReference = D650C3471F674BD400F29E96 /* BlockSizeMotionEstimation */;
			productType = "com.apple.product-type.tool";
		};
/* End PBXNativeTarget section */

/* Begin PBXProject section */
		D650C33F1F674BD400F29E96 /* Project object */ = {
			isa = PBXProject;
			attributes = {
				LastUpgradeCheck = 0830;
				ORGANIZATIONNAME = arizona;
				TargetAttributes = {
					D650C3461F674BD400F29E96 = {
						CreatedOnToolsVersion = 8.3.3;
						DevelopmentTeam = SLL2N32UMD;
						ProvisioningStyle = Automatic;
					};
				};
			};
			buildConfigurationList = D650C3421F674BD400F29E96 /* Build configuration list for PBXProject "BlockSizeMotionEstimation" */;
			compatibilityVersion = "Xcode 3.2";
			developmentRegion = English;
			hasScannedForEncodings = 0;
			knownRegions = (
				en,
			);
			mainGroup = D650C33E1F674BD400F29E96;
			productRefGroup = D650C3481F674BD400F29E96 /* Products */;
			projectDirPath = "";
			projectRoot = "";
			targets = (
				D650C3461F674BD400F29E96 /* BlockSizeMotionEstimation */,
			);
		};
/* End PBXProject section */

/* Begin PBXSourcesBuildPhase section */
		D650C3431F674BD400F29E96 /* Sources */ = {
			isa = PBXSourcesBuildPhase;
			buildActionMask = 2147483647;
			files = (
				D650C34B1F674BD400F29E96 /* main.c in Sources */,
				D6A3FE5B1F6C54F1007E028A /* vbsme.c in Sources */,
			);
			runOnlyForDeploymentPostprocessing = 0;
		};
/* End PBXSourcesBuildPhase section */

/* Begin XCBuildConfiguration section */
		D650C34C1F674BD400F29E96 /* Debug */ = {
			isa = XCBuildConfiguration;
			buildSettings = {
				ALWAYS_SEARCH_USER_PATHS = NO;
				CLANG_ANALYZER_NONNULL = YES;
				CLANG_ANALYZER_NUMBER_OBJECT_CONVERSION = YES_AGGRESSIVE;
				CLANG_CXX_LANGUAGE_STANDARD = "gnu++0x";
				CLANG_CXX_LIBRARY = "libc++";
				CLANG_ENABLE_MODULES = YES;
				CLANG_ENABLE_OBJC_ARC = YES;
				CLANG_WARN_BOOL_CONVERSION = YES;
				CLANG_WARN_CONSTANT_CONVERSION = YES;
				CLANG_WARN_DIRECT_OBJC_ISA_USAGE = YES_ERROR;
				CLANG_WARN_DOCUMENTATION_COMMENTS = YES;
				CLANG_WARN_EMPTY_BODY = YES;
				CLANG_WARN_ENUM_CONVERSION = YES;
				CLANG_WARN_INFINITE_RECURSION = YES;
				CLANG_WARN_INT_CONVERSION = YES;
				CLANG_WARN_OBJC_ROOT_CLASS = YES_ERROR;
				CLANG_WARN_SUSPICIOUS_MOVE = YES;
				CLANG_WARN_UNREACHABLE_CODE = YES;
				CLANG_WARN__DUPLICATE_METHOD_MATCH = YES;
				CODE_SIGN_IDENTITY = "-";
				COPY_PHASE_STRIP = NO;
				DEBUG_INFORMATION_FORMAT = dwarf;
				ENABLE_STRICT_OBJC_MSGSEND = YES;
				ENABLE_TESTABILITY = YES;
				GCC_C_LANGUAGE_STANDARD = gnu99;
				GCC_DYNAMIC_NO_PIC = NO;
				GCC_NO_COMMON_BLOCKS = YES;
				GCC_OPTIMIZATION_LEVEL = 0;
				GCC_PREPROCESSOR_DEFINITIONS = (
					"DEBUG=1",
					"$(inherited)",
				);
				GCC_WARN_64_TO_32_BIT_CONVERSION = YES;
				GCC_WARN_ABOUT_RETURN_TYPE = YES_ERROR;
				GCC_WARN_UNDECLARED_SELECTOR = YES;
				GCC_WARN_UNINITIALIZED_AUTOS = YES_AGGRESSIVE;
				GCC_WARN_UNUSED_FUNCTION = YES;
				GCC_WARN_UNUSED_VARIABLE = YES;
				MACOSX_DEPLOYMENT_TARGET = 10.12;
				MTL_ENABLE_DEBUG_INFO = YES;
				ONLY_ACTIVE_ARCH = YES;
				SDKROOT = macosx;
			};
			name = Debug;
		};
		D650C34D1F674BD400F29E96 /* Release */ = {
			isa = XCBuildConfiguration;
			buildSettings = {
				ALWAYS_SEARCH_USER_PATHS = NO;
				CLANG_ANALYZER_NONNULL = YES;
				CLANG_ANALYZER_NUMBER_OBJECT_CONVERSION = YES_AGGRESSIVE;
				CLANG_CXX_LANGUAGE_STANDARD = "gnu++0x";
				CLANG_CXX_LIBRARY = "libc++";
				CLANG_ENABLE_MODULES = YES;
				CLANG_ENABLE_OBJC_ARC = YES;
				CLANG_WARN_BOOL_CONVERSION = YES;
				CLANG_WARN_CONSTANT_CONVERSION = YES;
				CLANG_WARN_DIRECT_OBJC_ISA_USAGE = YES_ERROR;
				CLANG_WARN_DOCUMENTATION_COMMENTS = YES;
				CLANG_WARN_EMPTY_BODY = YES;
				CLANG_WARN_ENUM_CONVERSION = YES;
				CLANG_WARN_INFINITE_RECURSION = YES;
				CLANG_WARN_INT_CONVERSION = YES;
				CLANG_WARN_OBJC_ROOT_CLASS = YES_ERROR;
				CLANG_WARN_SUSPICIOUS_MOVE = YES;
				CLANG_WARN_UNREACHABLE_CODE = YES;
				CLANG_WARN__DUPLICATE_METHOD_MATCH = YES;
				CODE_SIGN_IDENTITY = "-";
				COPY_PHASE_STRIP = NO;
				DEBUG_INFORMATION_FORMAT = "dwarf-with-dsym";
				ENABLE_NS_ASSERTIONS = NO;
				ENABLE_STRICT_OBJC_MSGSEND = YES;
				GCC_C_LANGUAGE_STANDARD = gnu99;
				GCC_NO_COMMON_BLOCKS = YES;
				GCC_WARN_64_TO_32_BIT_CONVERSION = YES;
				GCC_WARN_ABOUT_RETURN_TYPE = YES_ERROR;
				GCC_WARN_UNDECLARED_SELECTOR = YES;
				GCC_WARN_UNINITIALIZED_AUTOS = YES_AGGRESSIVE;
				GCC_WARN_UNUSED_FUNCTION = YES;
				GCC_WARN_UNUSED_VARIABLE = YES;
				MACOSX_DEPLOYMENT_TARGET = 10.12;
				MTL_ENABLE_DEBUG_INFO = NO;
				SDKROOT = macosx;
			};
			name = Release;
		};
		D650C34F1F674BD400F29E96 /* Debug */ = {
			isa = XCBuildConfiguration;
			buildSettings = {
				DEVELOPMENT_TEAM = SLL2N32UMD;
				PRODUCT_NAME = "$(TARGET_NAME)";
			};
			name = Debug;
		};
		D650C3501F674BD400F29E96 /* Release */ = {
			isa = XCBuildConfiguration;
			buildSettings = {
				DEVELOPMENT_TEAM = SLL2N32UMD;
				PRODUCT_NAME = "$(TARGET_NAME)";
			};
			name = Release;
		};
/* End XCBuildConfiguration section */

/* Begin XCConfigurationList section */
		D650C3421F674BD400F29E96 /* Build configuration list for PBXProject "BlockSizeMotionEstimation" */ = {
			isa = XCConfigurationList;
			buildConfigurations = (
				D650C34C1F674BD400F29E96 /* Debug */,
				D650C34D1F674BD400F29E96 /* Release */,
			);
			defaultConfigurationIsVisible = 0;
			defaultConfigurationName = Release;
		};
		D650C34E1F674BD400F29E96 /* Build configuration list for PBXNativeTarget "BlockSizeMotionEstimation" */ = {
			isa = XCConfigurationList;
			buildConfigurations = (
				D650C34F1F674BD400F29E96 /* Debug */,
				D650C3501F674BD400F29E96 /* Release */,
			);
			defaultConfigurationIsVisible = 0;
			defaultConfigurationName = Release;
		};
/* End XCConfigurationList section */
	};
	rootObject = D650C33F1F674BD400F29E96 /* Project object */;
}
